// !$*UTF8*$!
{
	archiveVersion = 1;
	classes = {
	};
	objectVersion = 55;
	objects = {

/* Begin PBXBuildFile section */
		510F4E46275D995A00B79A8C /* Tests_iOS.swift in Sources */ = {isa = PBXBuildFile; fileRef = 510F4E45275D995A00B79A8C /* Tests_iOS.swift */; };
		510F4E48275D995A00B79A8C /* Tests_iOSLaunchTests.swift in Sources */ = {isa = PBXBuildFile; fileRef = 510F4E47275D995A00B79A8C /* Tests_iOSLaunchTests.swift */; };
		510F4E52275D995A00B79A8C /* Tests_macOS.swift in Sources */ = {isa = PBXBuildFile; fileRef = 510F4E51275D995A00B79A8C /* Tests_macOS.swift */; };
		510F4E54275D995A00B79A8C /* Tests_macOSLaunchTests.swift in Sources */ = {isa = PBXBuildFile; fileRef = 510F4E53275D995A00B79A8C /* Tests_macOSLaunchTests.swift */; };
		510F4E55275D995A00B79A8C /* testBenchmarkToolApp.swift in Sources */ = {isa = PBXBuildFile; fileRef = 510F4E2D275D995800B79A8C /* testBenchmarkToolApp.swift */; };
		510F4E56275D995A00B79A8C /* testBenchmarkToolApp.swift in Sources */ = {isa = PBXBuildFile; fileRef = 510F4E2D275D995800B79A8C /* testBenchmarkToolApp.swift */; };
		510F4E57275D995A00B79A8C /* ContentView.swift in Sources */ = {isa = PBXBuildFile; fileRef = 510F4E2E275D995800B79A8C /* ContentView.swift */; };
		510F4E58275D995A00B79A8C /* ContentView.swift in Sources */ = {isa = PBXBuildFile; fileRef = 510F4E2E275D995800B79A8C /* ContentView.swift */; };
		510F4E59275D995A00B79A8C /* Assets.xcassets in Resources */ = {isa = PBXBuildFile; fileRef = 510F4E2F275D995A00B79A8C /* Assets.xcassets */; };
		510F4E5A275D995A00B79A8C /* Assets.xcassets in Resources */ = {isa = PBXBuildFile; fileRef = 510F4E2F275D995A00B79A8C /* Assets.xcassets */; };
		510F4E6B275D9A2B00B79A8C /* CollectionsBenchmark in Frameworks */ = {isa = PBXBuildFile; productRef = 510F4E6A275D9A2B00B79A8C /* CollectionsBenchmark */; };
/* End PBXBuildFile section */

/* Begin PBXContainerItemProxy section */
		510F4E42275D995A00B79A8C /* PBXContainerItemProxy */ = {
			isa = PBXContainerItemProxy;
			containerPortal = 510F4E28275D995700B79A8C /* Project object */;
			proxyType = 1;
			remoteGlobalIDString = 510F4E33275D995A00B79A8C;
			remoteInfo = "testBenchmarkTool (iOS)";
		};
		510F4E4E275D995A00B79A8C /* PBXContainerItemProxy */ = {
			isa = PBXContainerItemProxy;
			containerPortal = 510F4E28275D995700B79A8C /* Project object */;
			proxyType = 1;
			remoteGlobalIDString = 510F4E39275D995A00B79A8C;
			remoteInfo = "testBenchmarkTool (macOS)";
		};
/* End PBXContainerItemProxy section */

/* Begin PBXFileReference section */
		510F4E2D275D995800B79A8C /* testBenchmarkToolApp.swift */ = {isa = PBXFileReference; lastKnownFileType = sourcecode.swift; path = testBenchmarkToolApp.swift; sourceTree = "<group>"; };
		510F4E2E275D995800B79A8C /* ContentView.swift */ = {isa = PBXFileReference; lastKnownFileType = sourcecode.swift; path = ContentView.swift; sourceTree = "<group>"; };
		510F4E2F275D995A00B79A8C /* Assets.xcassets */ = {isa = PBXFileReference; lastKnownFileType = folder.assetcatalog; path = Assets.xcassets; sourceTree = "<group>"; };
		510F4E34275D995A00B79A8C /* testBenchmarkTool.app */ = {isa = PBXFileReference; explicitFileType = wrapper.application; includeInIndex = 0; path = testBenchmarkTool.app; sourceTree = BUILT_PRODUCTS_DIR; };
		510F4E3A275D995A00B79A8C /* testBenchmarkTool.app */ = {isa = PBXFileReference; explicitFileType = wrapper.application; includeInIndex = 0; path = testBenchmarkTool.app; sourceTree = BUILT_PRODUCTS_DIR; };
		510F4E3C275D995A00B79A8C /* macOS.entitlements */ = {isa = PBXFileReference; lastKnownFileType = text.plist.entitlements; path = macOS.entitlements; sourceTree = "<group>"; };
		510F4E41275D995A00B79A8C /* Tests iOS.xctest */ = {isa = PBXFileReference; explicitFileType = wrapper.cfbundle; includeInIndex = 0; path = "Tests iOS.xctest"; sourceTree = BUILT_PRODUCTS_DIR; };
		510F4E45275D995A00B79A8C /* Tests_iOS.swift */ = {isa = PBXFileReference; lastKnownFileType = sourcecode.swift; path = Tests_iOS.swift; sourceTree = "<group>"; };
		510F4E47275D995A00B79A8C /* Tests_iOSLaunchTests.swift */ = {isa = PBXFileReference; lastKnownFileType = sourcecode.swift; path = Tests_iOSLaunchTests.swift; sourceTree = "<group>"; };
		510F4E4D275D995A00B79A8C /* Tests macOS.xctest */ = {isa = PBXFileReference; explicitFileType = wrapper.cfbundle; includeInIndex = 0; path = "Tests macOS.xctest"; sourceTree = BUILT_PRODUCTS_DIR; };
		510F4E51275D995A00B79A8C /* Tests_macOS.swift */ = {isa = PBXFileReference; lastKnownFileType = sourcecode.swift; path = Tests_macOS.swift; sourceTree = "<group>"; };
		510F4E53275D995A00B79A8C /* Tests_macOSLaunchTests.swift */ = {isa = PBXFileReference; lastKnownFileType = sourcecode.swift; path = Tests_macOSLaunchTests.swift; sourceTree = "<group>"; };
/* End PBXFileReference section */

/* Begin PBXFrameworksBuildPhase section */
		510F4E31275D995A00B79A8C /* Frameworks */ = {
			isa = PBXFrameworksBuildPhase;
			buildActionMask = 2147483647;
			files = (
				510F4E6B275D9A2B00B79A8C /* CollectionsBenchmark in Frameworks */,
			);
			runOnlyForDeploymentPostprocessing = 0;
		};
		510F4E37275D995A00B79A8C /* Frameworks */ = {
			isa = PBXFrameworksBuildPhase;
			buildActionMask = 2147483647;
			files = (
			);
			runOnlyForDeploymentPostprocessing = 0;
		};
		510F4E3E275D995A00B79A8C /* Frameworks */ = {
			isa = PBXFrameworksBuildPhase;
			buildActionMask = 2147483647;
			files = (
			);
			runOnlyForDeploymentPostprocessing = 0;
		};
		510F4E4A275D995A00B79A8C /* Frameworks */ = {
			isa = PBXFrameworksBuildPhase;
			buildActionMask = 2147483647;
			files = (
			);
			runOnlyForDeploymentPostprocessing = 0;
		};
/* End PBXFrameworksBuildPhase section */

/* Begin PBXGroup section */
		510F4E27275D995700B79A8C = {
			isa = PBXGroup;
			children = (
				510F4E2C275D995800B79A8C /* Shared */,
				510F4E3B275D995A00B79A8C /* macOS */,
				510F4E44275D995A00B79A8C /* Tests iOS */,
				510F4E50275D995A00B79A8C /* Tests macOS */,
				510F4E35275D995A00B79A8C /* Products */,
			);
			sourceTree = "<group>";
		};
		510F4E2C275D995800B79A8C /* Shared */ = {
			isa = PBXGroup;
			children = (
				510F4E2D275D995800B79A8C /* testBenchmarkToolApp.swift */,
				510F4E2E275D995800B79A8C /* ContentView.swift */,
				510F4E2F275D995A00B79A8C /* Assets.xcassets */,
			);
			path = Shared;
			sourceTree = "<group>";
		};
		510F4E35275D995A00B79A8C /* Products */ = {
			isa = PBXGroup;
			children = (
				510F4E34275D995A00B79A8C /* testBenchmarkTool.app */,
				510F4E3A275D995A00B79A8C /* testBenchmarkTool.app */,
				510F4E41275D995A00B79A8C /* Tests iOS.xctest */,
				510F4E4D275D995A00B79A8C /* Tests macOS.xctest */,
			);
			name = Products;
			sourceTree = "<group>";
		};
		510F4E3B275D995A00B79A8C /* macOS */ = {
			isa = PBXGroup;
			children = (
				510F4E3C275D995A00B79A8C /* macOS.entitlements */,
			);
			path = macOS;
			sourceTree = "<group>";
		};
		510F4E44275D995A00B79A8C /* Tests iOS */ = {
			isa = PBXGroup;
			children = (
				510F4E45275D995A00B79A8C /* Tests_iOS.swift */,
				510F4E47275D995A00B79A8C /* Tests_iOSLaunchTests.swift */,
			);
			path = "Tests iOS";
			sourceTree = "<group>";
		};
		510F4E50275D995A00B79A8C /* Tests macOS */ = {
			isa = PBXGroup;
			children = (
				510F4E51275D995A00B79A8C /* Tests_macOS.swift */,
				510F4E53275D995A00B79A8C /* Tests_macOSLaunchTests.swift */,
			);
			path = "Tests macOS";
			sourceTree = "<group>";
		};
/* End PBXGroup section */

/* Begin PBXNativeTarget section */
		510F4E33275D995A00B79A8C /* testBenchmarkTool (iOS) */ = {
			isa = PBXNativeTarget;
			buildConfigurationList = 510F4E5D275D995A00B79A8C /* Build configuration list for PBXNativeTarget "testBenchmarkTool (iOS)" */;
			buildPhases = (
				510F4E30275D995A00B79A8C /* Sources */,
				510F4E31275D995A00B79A8C /* Frameworks */,
				510F4E32275D995A00B79A8C /* Resources */,
			);
			buildRules = (
			);
			dependencies = (
			);
			name = "testBenchmarkTool (iOS)";
			packageProductDependencies = (
				510F4E6A275D9A2B00B79A8C /* CollectionsBenchmark */,
			);
			productName = "testBenchmarkTool (iOS)";
			productReference = 510F4E34275D995A00B79A8C /* testBenchmarkTool.app */;
			productType = "com.apple.product-type.application";
		};
		510F4E39275D995A00B79A8C /* testBenchmarkTool (macOS) */ = {
			isa = PBXNativeTarget;
			buildConfigurationList = 510F4E60275D995A00B79A8C /* Build configuration list for PBXNativeTarget "testBenchmarkTool (macOS)" */;
			buildPhases = (
				510F4E36275D995A00B79A8C /* Sources */,
				510F4E37275D995A00B79A8C /* Frameworks */,
				510F4E38275D995A00B79A8C /* Resources */,
			);
			buildRules = (
			);
			dependencies = (
			);
			name = "testBenchmarkTool (macOS)";
			productName = "testBenchmarkTool (macOS)";
			productReference = 510F4E3A275D995A00B79A8C /* testBenchmarkTool.app */;
			productType = "com.apple.product-type.application";
		};
		510F4E40275D995A00B79A8C /* Tests iOS */ = {
			isa = PBXNativeTarget;
			buildConfigurationList = 510F4E63275D995A00B79A8C /* Build configuration list for PBXNativeTarget "Tests iOS" */;
			buildPhases = (
				510F4E3D275D995A00B79A8C /* Sources */,
				510F4E3E275D995A00B79A8C /* Frameworks */,
				510F4E3F275D995A00B79A8C /* Resources */,
			);
			buildRules = (
			);
			dependencies = (
				510F4E43275D995A00B79A8C /* PBXTargetDependency */,
			);
			name = "Tests iOS";
			productName = "Tests iOS";
			productReference = 510F4E41275D995A00B79A8C /* Tests iOS.xctest */;
			productType = "com.apple.product-type.bundle.ui-testing";
		};
		510F4E4C275D995A00B79A8C /* Tests macOS */ = {
			isa = PBXNativeTarget;
			buildConfigurationList = 510F4E66275D995A00B79A8C /* Build configuration list for PBXNativeTarget "Tests macOS" */;
			buildPhases = (
				510F4E49275D995A00B79A8C /* Sources */,
				510F4E4A275D995A00B79A8C /* Frameworks */,
				510F4E4B275D995A00B79A8C /* Resources */,
			);
			buildRules = (
			);
			dependencies = (
				510F4E4F275D995A00B79A8C /* PBXTargetDependency */,
			);
			name = "Tests macOS";
			productName = "Tests macOS";
			productReference = 510F4E4D275D995A00B79A8C /* Tests macOS.xctest */;
			productType = "com.apple.product-type.bundle.ui-testing";
		};
/* End PBXNativeTarget section */

/* Begin PBXProject section */
		510F4E28275D995700B79A8C /* Project object */ = {
			isa = PBXProject;
			attributes = {
				BuildIndependentTargetsInParallel = 1;
				LastSwiftUpdateCheck = 1310;
				LastUpgradeCheck = 1310;
				TargetAttributes = {
					510F4E33275D995A00B79A8C = {
						CreatedOnToolsVersion = 13.1;
					};
					510F4E39275D995A00B79A8C = {
						CreatedOnToolsVersion = 13.1;
					};
					510F4E40275D995A00B79A8C = {
						CreatedOnToolsVersion = 13.1;
						TestTargetID = 510F4E33275D995A00B79A8C;
					};
					510F4E4C275D995A00B79A8C = {
						CreatedOnToolsVersion = 13.1;
						TestTargetID = 510F4E39275D995A00B79A8C;
					};
				};
			};
			buildConfigurationList = 510F4E2B275D995700B79A8C /* Build configuration list for PBXProject "testBenchmarkTool" */;
			compatibilityVersion = "Xcode 13.0";
			developmentRegion = en;
			hasScannedForEncodings = 0;
			knownRegions = (
				en,
				Base,
			);
			mainGroup = 510F4E27275D995700B79A8C;
			packageReferences = (
				510F4E69275D9A2B00B79A8C /* XCRemoteSwiftPackageReference "swift-collections-benchmark" */,
			);
			productRefGroup = 510F4E35275D995A00B79A8C /* Products */;
			projectDirPath = "";
			projectRoot = "";
			targets = (
				510F4E33275D995A00B79A8C /* testBenchmarkTool (iOS) */,
				510F4E39275D995A00B79A8C /* testBenchmarkTool (macOS) */,
				510F4E40275D995A00B79A8C /* Tests iOS */,
				510F4E4C275D995A00B79A8C /* Tests macOS */,
			);
		};
/* End PBXProject section */

/* Begin PBXResourcesBuildPhase section */
		510F4E32275D995A00B79A8C /* Resources */ = {
			isa = PBXResourcesBuildPhase;
			buildActionMask = 2147483647;
			files = (
				510F4E59275D995A00B79A8C /* Assets.xcassets in Resources */,
			);
			runOnlyForDeploymentPostprocessing = 0;
		};
		510F4E38275D995A00B79A8C /* Resources */ = {
			isa = PBXResourcesBuildPhase;
			buildActionMask = 2147483647;
			files = (
				510F4E5A275D995A00B79A8C /* Assets.xcassets in Resources */,
			);
			runOnlyForDeploymentPostprocessing = 0;
		};
		510F4E3F275D995A00B79A8C /* Resources */ = {
			isa = PBXResourcesBuildPhase;
			buildActionMask = 2147483647;
			files = (
			);
			runOnlyForDeploymentPostprocessing = 0;
		};
		510F4E4B275D995A00B79A8C /* Resources */ = {
			isa = PBXResourcesBuildPhase;
			buildActionMask = 2147483647;
			files = (
			);
			runOnlyForDeploymentPostprocessing = 0;
		};
/* End PBXResourcesBuildPhase section */

/* Begin PBXSourcesBuildPhase section */
		510F4E30275D995A00B79A8C /* Sources */ = {
			isa = PBXSourcesBuildPhase;
			buildActionMask = 2147483647;
			files = (
				510F4E57275D995A00B79A8C /* ContentView.swift in Sources */,
				510F4E55275D995A00B79A8C /* testBenchmarkToolApp.swift in Sources */,
			);
			runOnlyForDeploymentPostprocessing = 0;
		};
		510F4E36275D995A00B79A8C /* Sources */ = {
			isa = PBXSourcesBuildPhase;
			buildActionMask = 2147483647;
			files = (
				510F4E58275D995A00B79A8C /* ContentView.swift in Sources */,
				510F4E56275D995A00B79A8C /* testBenchmarkToolApp.swift in Sources */,
			);
			runOnlyForDeploymentPostprocessing = 0;
		};
		510F4E3D275D995A00B79A8C /* Sources */ = {
			isa = PBXSourcesBuildPhase;
			buildActionMask = 2147483647;
			files = (
				510F4E48275D995A00B79A8C /* Tests_iOSLaunchTests.swift in Sources */,
				510F4E46275D995A00B79A8C /* Tests_iOS.swift in Sources */,
			);
			runOnlyForDeploymentPostprocessing = 0;
		};
		510F4E49275D995A00B79A8C /* Sources */ = {
			isa = PBXSourcesBuildPhase;
			buildActionMask = 2147483647;
			files = (
				510F4E54275D995A00B79A8C /* Tests_macOSLaunchTests.swift in Sources */,
				510F4E52275D995A00B79A8C /* Tests_macOS.swift in Sources */,
			);
			runOnlyForDeploymentPostprocessing = 0;
		};
/* End PBXSourcesBuildPhase section */

/* Begin PBXTargetDependency section */
		510F4E43275D995A00B79A8C /* PBXTargetDependency */ = {
			isa = PBXTargetDependency;
			target = 510F4E33275D995A00B79A8C /* testBenchmarkTool (iOS) */;
			targetProxy = 510F4E42275D995A00B79A8C /* PBXContainerItemProxy */;
		};
		510F4E4F275D995A00B79A8C /* PBXTargetDependency */ = {
			isa = PBXTargetDependency;
			target = 510F4E39275D995A00B79A8C /* testBenchmarkTool (macOS) */;
			targetProxy = 510F4E4E275D995A00B79A8C /* PBXContainerItemProxy */;
		};
/* End PBXTargetDependency section */

/* Begin XCBuildConfiguration section */
		510F4E5B275D995A00B79A8C /* Debug */ = {
			isa = XCBuildConfiguration;
			buildSettings = {
				ALWAYS_SEARCH_USER_PATHS = NO;
				CLANG_ANALYZER_NONNULL = YES;
				CLANG_ANALYZER_NUMBER_OBJECT_CONVERSION = YES_AGGRESSIVE;
				CLANG_CXX_LANGUAGE_STANDARD = "gnu++17";
				CLANG_CXX_LIBRARY = "libc++";
				CLANG_ENABLE_MODULES = YES;
				CLANG_ENABLE_OBJC_ARC = YES;
				CLANG_ENABLE_OBJC_WEAK = YES;
				CLANG_WARN_BLOCK_CAPTURE_AUTORELEASING = YES;
				CLANG_WARN_BOOL_CONVERSION = YES;
				CLANG_WARN_COMMA = YES;
				CLANG_WARN_CONSTANT_CONVERSION = YES;
				CLANG_WARN_DEPRECATED_OBJC_IMPLEMENTATIONS = YES;
				CLANG_WARN_DIRECT_OBJC_ISA_USAGE = YES_ERROR;
				CLANG_WARN_DOCUMENTATION_COMMENTS = YES;
				CLANG_WARN_EMPTY_BODY = YES;
				CLANG_WARN_ENUM_CONVERSION = YES;
				CLANG_WARN_INFINITE_RECURSION = YES;
				CLANG_WARN_INT_CONVERSION = YES;
				CLANG_WARN_NON_LITERAL_NULL_CONVERSION = YES;
				CLANG_WARN_OBJC_IMPLICIT_RETAIN_SELF = YES;
				CLANG_WARN_OBJC_LITERAL_CONVERSION = YES;
				CLANG_WARN_OBJC_ROOT_CLASS = YES_ERROR;
				CLANG_WARN_QUOTED_INCLUDE_IN_FRAMEWORK_HEADER = YES;
				CLANG_WARN_RANGE_LOOP_ANALYSIS = YES;
				CLANG_WARN_STRICT_PROTOTYPES = YES;
				CLANG_WARN_SUSPICIOUS_MOVE = YES;
				CLANG_WARN_UNGUARDED_AVAILABILITY = YES_AGGRESSIVE;
				CLANG_WARN_UNREACHABLE_CODE = YES;
				CLANG_WARN__DUPLICATE_METHOD_MATCH = YES;
				COPY_PHASE_STRIP = NO;
				DEBUG_INFORMATION_FORMAT = dwarf;
				ENABLE_STRICT_OBJC_MSGSEND = YES;
				ENABLE_TESTABILITY = YES;
				GCC_C_LANGUAGE_STANDARD = gnu11;
				GCC_DYNAMIC_NO_PIC = NO;
				GCC_NO_COMMON_BLOCKS = YES;
				GCC_OPTIMIZATION_LEVEL = 0;
				GCC_PREPROCESSOR_DEFINITIONS = (
					"DEBUG=1",
					"$(inherited)",
				);
				GCC_WARN_64_TO_32_BIT_CONVERSION = YES;
				GCC_WARN_ABOUT_RETURN_TYPE = YES_ERROR;
				GCC_WARN_UNDECLARED_SELECTOR = YES;
				GCC_WARN_UNINITIALIZED_AUTOS = YES_AGGRESSIVE;
				GCC_WARN_UNUSED_FUNCTION = YES;
				GCC_WARN_UNUSED_VARIABLE = YES;
				MTL_ENABLE_DEBUG_INFO = INCLUDE_SOURCE;
				MTL_FAST_MATH = YES;
				ONLY_ACTIVE_ARCH = YES;
				SWIFT_ACTIVE_COMPILATION_CONDITIONS = DEBUG;
				SWIFT_OPTIMIZATION_LEVEL = "-Onone";
			};
			name = Debug;
		};
		510F4E5C275D995A00B79A8C /* Release */ = {
			isa = XCBuildConfiguration;
			buildSettings = {
				ALWAYS_SEARCH_USER_PATHS = NO;
				CLANG_ANALYZER_NONNULL = YES;
				CLANG_ANALYZER_NUMBER_OBJECT_CONVERSION = YES_AGGRESSIVE;
				CLANG_CXX_LANGUAGE_STANDARD = "gnu++17";
				CLANG_CXX_LIBRARY = "libc++";
				CLANG_ENABLE_MODULES = YES;
				CLANG_ENABLE_OBJC_ARC = YES;
				CLANG_ENABLE_OBJC_WEAK = YES;
				CLANG_WARN_BLOCK_CAPTURE_AUTORELEASING = YES;
				CLANG_WARN_BOOL_CONVERSION = YES;
				CLANG_WARN_COMMA = YES;
				CLANG_WARN_CONSTANT_CONVERSION = YES;
				CLANG_WARN_DEPRECATED_OBJC_IMPLEMENTATIONS = YES;
				CLANG_WARN_DIRECT_OBJC_ISA_USAGE = YES_ERROR;
				CLANG_WARN_DOCUMENTATION_COMMENTS = YES;
				CLANG_WARN_EMPTY_BODY = YES;
				CLANG_WARN_ENUM_CONVERSION = YES;
				CLANG_WARN_INFINITE_RECURSION = YES;
				CLANG_WARN_INT_CONVERSION = YES;
				CLANG_WARN_NON_LITERAL_NULL_CONVERSION = YES;
				CLANG_WARN_OBJC_IMPLICIT_RETAIN_SELF = YES;
				CLANG_WARN_OBJC_LITERAL_CONVERSION = YES;
				CLANG_WARN_OBJC_ROOT_CLASS = YES_ERROR;
				CLANG_WARN_QUOTED_INCLUDE_IN_FRAMEWORK_HEADER = YES;
				CLANG_WARN_RANGE_LOOP_ANALYSIS = YES;
				CLANG_WARN_STRICT_PROTOTYPES = YES;
				CLANG_WARN_SUSPICIOUS_MOVE = YES;
				CLANG_WARN_UNGUARDED_AVAILABILITY = YES_AGGRESSIVE;
				CLANG_WARN_UNREACHABLE_CODE = YES;
				CLANG_WARN__DUPLICATE_METHOD_MATCH = YES;
				COPY_PHASE_STRIP = NO;
				DEBUG_INFORMATION_FORMAT = "dwarf-with-dsym";
				ENABLE_NS_ASSERTIONS = NO;
				ENABLE_STRICT_OBJC_MSGSEND = YES;
				GCC_C_LANGUAGE_STANDARD = gnu11;
				GCC_NO_COMMON_BLOCKS = YES;
				GCC_WARN_64_TO_32_BIT_CONVERSION = YES;
				GCC_WARN_ABOUT_RETURN_TYPE = YES_ERROR;
				GCC_WARN_UNDECLARED_SELECTOR = YES;
				GCC_WARN_UNINITIALIZED_AUTOS = YES_AGGRESSIVE;
				GCC_WARN_UNUSED_FUNCTION = YES;
				GCC_WARN_UNUSED_VARIABLE = YES;
				MTL_ENABLE_DEBUG_INFO = NO;
				MTL_FAST_MATH = YES;
				SWIFT_COMPILATION_MODE = wholemodule;
				SWIFT_OPTIMIZATION_LEVEL = "-O";
			};
			name = Release;
		};
		510F4E5E275D995A00B79A8C /* Debug */ = {
			isa = XCBuildConfiguration;
			buildSettings = {
				ASSETCATALOG_COMPILER_APPICON_NAME = AppIcon;
				ASSETCATALOG_COMPILER_GLOBAL_ACCENT_COLOR_NAME = AccentColor;
				CODE_SIGN_STYLE = Automatic;
				CURRENT_PROJECT_VERSION = 1;
				DEVELOPMENT_TEAM = 877X5B27ZV;
				ENABLE_PREVIEWS = YES;
				GENERATE_INFOPLIST_FILE = YES;
				INFOPLIST_KEY_UIApplicationSceneManifest_Generation = YES;
				INFOPLIST_KEY_UIApplicationSupportsIndirectInputEvents = YES;
				INFOPLIST_KEY_UILaunchScreen_Generation = YES;
				INFOPLIST_KEY_UISupportedInterfaceOrientations_iPad = "UIInterfaceOrientationPortrait UIInterfaceOrientationPortraitUpsideDown UIInterfaceOrientationLandscapeLeft UIInterfaceOrientationLandscapeRight";
				INFOPLIST_KEY_UISupportedInterfaceOrientations_iPhone = "UIInterfaceOrientationPortrait UIInterfaceOrientationLandscapeLeft UIInterfaceOrientationLandscapeRight";
				IPHONEOS_DEPLOYMENT_TARGET = 15.0;
				LD_RUNPATH_SEARCH_PATHS = (
					"$(inherited)",
					"@executable_path/Frameworks",
				);
				MARKETING_VERSION = 1.0;
				PRODUCT_BUNDLE_IDENTIFIER = co.alecskonson.testBenchmarkTool;
				PRODUCT_NAME = testBenchmarkTool;
				SDKROOT = iphoneos;
				SWIFT_EMIT_LOC_STRINGS = YES;
				SWIFT_VERSION = 5.0;
				TARGETED_DEVICE_FAMILY = "1,2";
			};
			name = Debug;
		};
		510F4E5F275D995A00B79A8C /* Release */ = {
			isa = XCBuildConfiguration;
			buildSettings = {
				ASSETCATALOG_COMPILER_APPICON_NAME = AppIcon;
				ASSETCATALOG_COMPILER_GLOBAL_ACCENT_COLOR_NAME = AccentColor;
				CODE_SIGN_STYLE = Automatic;
				CURRENT_PROJECT_VERSION = 1;
				DEVELOPMENT_TEAM = 877X5B27ZV;
				ENABLE_PREVIEWS = YES;
				GENERATE_INFOPLIST_FILE = YES;
				INFOPLIST_KEY_UIApplicationSceneManifest_Generation = YES;
				INFOPLIST_KEY_UIApplicationSupportsIndirectInputEvents = YES;
				INFOPLIST_KEY_UILaunchScreen_Generation = YES;
				INFOPLIST_KEY_UISupportedInterfaceOrientations_iPad = "UIInterfaceOrientationPortrait UIInterfaceOrientationPortraitUpsideDown UIInterfaceOrientationLandscapeLeft UIInterfaceOrientationLandscapeRight";
				INFOPLIST_KEY_UISupportedInterfaceOrientations_iPhone = "UIInterfaceOrientationPortrait UIInterfaceOrientationLandscapeLeft UIInterfaceOrientationLandscapeRight";
				IPHONEOS_DEPLOYMENT_TARGET = 15.0;
				LD_RUNPATH_SEARCH_PATHS = (
					"$(inherited)",
					"@executable_path/Frameworks",
				);
				MARKETING_VERSION = 1.0;
				PRODUCT_BUNDLE_IDENTIFIER = co.alecskonson.testBenchmarkTool;
				PRODUCT_NAME = testBenchmarkTool;
				SDKROOT = iphoneos;
				SWIFT_EMIT_LOC_STRINGS = YES;
				SWIFT_VERSION = 5.0;
				TARGETED_DEVICE_FAMILY = "1,2";
				VALIDATE_PRODUCT = YES;
			};
			name = Release;
		};
		510F4E61275D995A00B79A8C /* Debug */ = {
			isa = XCBuildConfiguration;
			buildSettings = {
				ASSETCATALOG_COMPILER_APPICON_NAME = AppIcon;
				ASSETCATALOG_COMPILER_GLOBAL_ACCENT_COLOR_NAME = AccentColor;
				CODE_SIGN_ENTITLEMENTS = macOS/macOS.entitlements;
				CODE_SIGN_STYLE = Automatic;
				COMBINE_HIDPI_IMAGES = YES;
				CURRENT_PROJECT_VERSION = 1;
				DEVELOPMENT_TEAM = 877X5B27ZV;
				ENABLE_HARDENED_RUNTIME = YES;
				ENABLE_PREVIEWS = YES;
				GENERATE_INFOPLIST_FILE = YES;
				INFOPLIST_KEY_NSHumanReadableCopyright = "";
				LD_RUNPATH_SEARCH_PATHS = (
					"$(inherited)",
					"@executable_path/../Frameworks",
				);
				MACOSX_DEPLOYMENT_TARGET = 11.6;
				MARKETING_VERSION = 1.0;
				PRODUCT_BUNDLE_IDENTIFIER = co.alecskonson.testBenchmarkTool;
				PRODUCT_NAME = testBenchmarkTool;
				SDKROOT = macosx;
				SWIFT_EMIT_LOC_STRINGS = YES;
				SWIFT_VERSION = 5.0;
			};
			name = Debug;
		};
		510F4E62275D995A00B79A8C /* Release */ = {
			isa = XCBuildConfiguration;
			buildSettings = {
				ASSETCATALOG_COMPILER_APPICON_NAME = AppIcon;
				ASSETCATALOG_COMPILER_GLOBAL_ACCENT_COLOR_NAME = AccentColor;
				CODE_SIGN_ENTITLEMENTS = macOS/macOS.entitlements;
				CODE_SIGN_STYLE = Automatic;
				COMBINE_HIDPI_IMAGES = YES;
				CURRENT_PROJECT_VERSION = 1;
				DEVELOPMENT_TEAM = 877X5B27ZV;
				ENABLE_HARDENED_RUNTIME = YES;
				ENABLE_PREVIEWS = YES;
				GENERATE_INFOPLIST_FILE = YES;
				INFOPLIST_KEY_NSHumanReadableCopyright = "";
				LD_RUNPATH_SEARCH_PATHS = (
					"$(inherited)",
					"@executable_path/../Frameworks",
				);
				MACOSX_DEPLOYMENT_TARGET = 11.6;
				MARKETING_VERSION = 1.0;
				PRODUCT_BUNDLE_IDENTIFIER = co.alecskonson.testBenchmarkTool;
				PRODUCT_NAME = testBenchmarkTool;
				SDKROOT = macosx;
				SWIFT_EMIT_LOC_STRINGS = YES;
				SWIFT_VERSION = 5.0;
			};
			name = Release;
		};
		510F4E64275D995A00B79A8C /* Debug */ = {
			isa = XCBuildConfiguration;
			buildSettings = {
				ALWAYS_EMBED_SWIFT_STANDARD_LIBRARIES = YES;
				CODE_SIGN_STYLE = Automatic;
				CURRENT_PROJECT_VERSION = 1;
				DEVELOPMENT_TEAM = 877X5B27ZV;
				GENERATE_INFOPLIST_FILE = YES;
				IPHONEOS_DEPLOYMENT_TARGET = 15.0;
				LD_RUNPATH_SEARCH_PATHS = (
					"$(inherited)",
					"@executable_path/Frameworks",
					"@loader_path/Frameworks",
				);
				MARKETING_VERSION = 1.0;
				PRODUCT_BUNDLE_IDENTIFIER = "co.alecskonson.Tests-iOS";
				PRODUCT_NAME = "$(TARGET_NAME)";
				SDKROOT = iphoneos;
				SWIFT_EMIT_LOC_STRINGS = NO;
				SWIFT_VERSION = 5.0;
				TARGETED_DEVICE_FAMILY = "1,2";
				TEST_TARGET_NAME = "testBenchmarkTool (iOS)";
			};
			name = Debug;
		};
		510F4E65275D995A00B79A8C /* Release */ = {
			isa = XCBuildConfiguration;
			buildSettings = {
				ALWAYS_EMBED_SWIFT_STANDARD_LIBRARIES = YES;
				CODE_SIGN_STYLE = Automatic;
				CURRENT_PROJECT_VERSION = 1;
				DEVELOPMENT_TEAM = 877X5B27ZV;
				GENERATE_INFOPLIST_FILE = YES;
				IPHONEOS_DEPLOYMENT_TARGET = 15.0;
				LD_RUNPATH_SEARCH_PATHS = (
					"$(inherited)",
					"@executable_path/Frameworks",
					"@loader_path/Frameworks",
				);
				MARKETING_VERSION = 1.0;
				PRODUCT_BUNDLE_IDENTIFIER = "co.alecskonson.Tests-iOS";
				PRODUCT_NAME = "$(TARGET_NAME)";
				SDKROOT = iphoneos;
				SWIFT_EMIT_LOC_STRINGS = NO;
				SWIFT_VERSION = 5.0;
				TARGETED_DEVICE_FAMILY = "1,2";
				TEST_TARGET_NAME = "testBenchmarkTool (iOS)";
				VALIDATE_PRODUCT = YES;
			};
			name = Release;
		};
		510F4E67275D995A00B79A8C /* Debug */ = {
			isa = XCBuildConfiguration;
			buildSettings = {
				ALWAYS_EMBED_SWIFT_STANDARD_LIBRARIES = YES;
				CODE_SIGN_STYLE = Automatic;
				COMBINE_HIDPI_IMAGES = YES;
				CURRENT_PROJECT_VERSION = 1;
				DEVELOPMENT_TEAM = 877X5B27ZV;
				GENERATE_INFOPLIST_FILE = YES;
				LD_RUNPATH_SEARCH_PATHS = (
					"$(inherited)",
					"@executable_path/../Frameworks",
					"@loader_path/../Frameworks",
				);
				MACOSX_DEPLOYMENT_TARGET = 11.6;
				MARKETING_VERSION = 1.0;
				PRODUCT_BUNDLE_IDENTIFIER = "co.alecskonson.Tests-macOS";
				PRODUCT_NAME = "$(TARGET_NAME)";
				SDKROOT = macosx;
				SWIFT_EMIT_LOC_STRINGS = NO;
				SWIFT_VERSION = 5.0;
				TEST_TARGET_NAME = "testBenchmarkTool (macOS)";
			};
			name = Debug;
		};
		510F4E68275D995A00B79A8C /* Release */ = {
			isa = XCBuildConfiguration;
			buildSettings = {
				ALWAYS_EMBED_SWIFT_STANDARD_LIBRARIES = YES;
				CODE_SIGN_STYLE = Automatic;
				COMBINE_HIDPI_IMAGES = YES;
				CURRENT_PROJECT_VERSION = 1;
				DEVELOPMENT_TEAM = 877X5B27ZV;
				GENERATE_INFOPLIST_FILE = YES;
				LD_RUNPATH_SEARCH_PATHS = (
					"$(inherited)",
					"@executable_path/../Frameworks",
					"@loader_path/../Frameworks",
				);
				MACOSX_DEPLOYMENT_TARGET = 11.6;
				MARKETING_VERSION = 1.0;
				PRODUCT_BUNDLE_IDENTIFIER = "co.alecskonson.Tests-macOS";
				PRODUCT_NAME = "$(TARGET_NAME)";
				SDKROOT = macosx;
				SWIFT_EMIT_LOC_STRINGS = NO;
				SWIFT_VERSION = 5.0;
				TEST_TARGET_NAME = "testBenchmarkTool (macOS)";
			};
			name = Release;
		};
/* End XCBuildConfiguration section */

/* Begin XCConfigurationList section */
		510F4E2B275D995700B79A8C /* Build configuration list for PBXProject "testBenchmarkTool" */ = {
			isa = XCConfigurationList;
			buildConfigurations = (
				510F4E5B275D995A00B79A8C /* Debug */,
				510F4E5C275D995A00B79A8C /* Release */,
			);
			defaultConfigurationIsVisible = 0;
			defaultConfigurationName = Release;
		};
		510F4E5D275D995A00B79A8C /* Build configuration list for PBXNativeTarget "testBenchmarkTool (iOS)" */ = {
			isa = XCConfigurationList;
			buildConfigurations = (
				510F4E5E275D995A00B79A8C /* Debug */,
				510F4E5F275D995A00B79A8C /* Release */,
			);
			defaultConfigurationIsVisible = 0;
			defaultConfigurationName = Release;
		};
		510F4E60275D995A00B79A8C /* Build configuration list for PBXNativeTarget "testBenchmarkTool (macOS)" */ = {
			isa = XCConfigurationList;
			buildConfigurations = (
				510F4E61275D995A00B79A8C /* Debug */,
				510F4E62275D995A00B79A8C /* Release */,
			);
			defaultConfigurationIsVisible = 0;
			defaultConfigurationName = Release;
		};
		510F4E63275D995A00B79A8C /* Build configuration list for PBXNativeTarget "Tests iOS" */ = {
			isa = XCConfigurationList;
			buildConfigurations = (
				510F4E64275D995A00B79A8C /* Debug */,
				510F4E65275D995A00B79A8C /* Release */,
			);
			defaultConfigurationIsVisible = 0;
			defaultConfigurationName = Release;
		};
		510F4E66275D995A00B79A8C /* Build configuration list for PBXNativeTarget "Tests macOS" */ = {
			isa = XCConfigurationList;
			buildConfigurations = (
				510F4E67275D995A00B79A8C /* Debug */,
				510F4E68275D995A00B79A8C /* Release */,
			);
			defaultConfigurationIsVisible = 0;
			defaultConfigurationName = Release;
		};
/* End XCConfigurationList section */

/* Begin XCRemoteSwiftPackageReference section */
		510F4E69275D9A2B00B79A8C /* XCRemoteSwiftPackageReference "swift-collections-benchmark" */ = {
			isa = XCRemoteSwiftPackageReference;
			repositoryURL = "https://github.com/apple/swift-collections-benchmark";
			requirement = {
				kind = upToNextMajorVersion;
				minimumVersion = 0.0.2;
			};
		};
/* End XCRemoteSwiftPackageReference section */

/* Begin XCSwiftPackageProductDependency section */
		510F4E6A275D9A2B00B79A8C /* CollectionsBenchmark */ = {
			isa = XCSwiftPackageProductDependency;
			package = 510F4E69275D9A2B00B79A8C /* XCRemoteSwiftPackageReference "swift-collections-benchmark" */;
			productName = CollectionsBenchmark;
		};
/* End XCSwiftPackageProductDependency section */
	};
	rootObject = 510F4E28275D995700B79A8C /* Project object */;
}
